
Microsoft Visual Studio Solution File, Format Version 12.00
# Visual Studio Version 16
VisualStudioVersion = 16.0.28803.352
MinimumVisualStudioVersion = 10.0.40219.1
Project("{D954291E-2A0B-460D-934E-DC6B0785DB48}") = "TripingCore", "TripingCore\TripingCore.shproj", "{FCF916D8-C6D8-42C9-A084-BE03F47913F4}"
EndProject
Project("{FAE04EC0-301F-11D3-BF4B-00C04F79EFBC}") = "UWPClient", "UWPClient\UWPClient.csproj", "{B06B62BE-69EB-4CAF-82E5-A01D5373FE39}"
EndProject
Global
	GlobalSection(SharedMSBuildProjectFiles) = preSolution
		TripingCore\TripingCore.projitems*{b06b62be-69eb-4caf-82e5-a01d5373fe39}*SharedItemsImports = 4
		TripingCore\TripingCore.projitems*{fcf916d8-c6d8-42c9-a084-be03f47913f4}*SharedItemsImports = 13
	EndGlobalSection
	GlobalSection(SolutionConfigurationPlatforms) = preSolution
		Debug|ARM = Debug|ARM
		Debug|ARM64 = Debug|ARM64
		Debug|x64 = Debug|x64
		Debug|x86 = Debug|x86
		Release|ARM = Release|ARM
		Release|ARM64 = Release|ARM64
		Release|x64 = Release|x64
		Release|x86 = Release|x86
	EndGlobalSection
	GlobalSection(ProjectConfigurationPlatforms) = postSolution
		{B06B62BE-69EB-4CAF-82E5-A01D5373FE39}.Debug|ARM.ActiveCfg = Debug|ARM
		{B06B62BE-69EB-4CAF-82E5-A01D5373FE39}.Debug|ARM.Build.0 = Debug|ARM
		{B06B62BE-69EB-4CAF-82E5-A01D5373FE39}.Debug|ARM.Deploy.0 = Debug|ARM
		{B06B62BE-69EB-4CAF-82E5-A01D5373FE39}.Debug|ARM64.ActiveCfg = Debug|ARM64
		{B06B62BE-69EB-4CAF-82E5-A01D5373FE39}.Debug|ARM64.Build.0 = Debug|ARM64
		{B06B62BE-69EB-4CAF-82E5-A01D5373FE39}.Debug|ARM64.Deploy.0 = Debug|ARM64
		{B06B62BE-69EB-4CAF-82E5-A01D5373FE39}.Debug|x64.ActiveCfg = Debug|x64
		{B06B62BE-69EB-4CAF-82E5-A01D5373FE39}.Debug|x64.Build.0 = Debug|x64
		{B06B62BE-69EB-4CAF-82E5-A01D5373FE39}.Debug|x64.Deploy.0 = Debug|x64
		{B06B62BE-69EB-4CAF-82E5-A01D5373FE39}.Debug|x86.ActiveCfg = Debug|x64
		{B06B62BE-69EB-4CAF-82E5-A01D5373FE39}.Debug|x86.Build.0 = Debug|x64
		{B06B62BE-69EB-4CAF-82E5-A01D5373FE39}.Debug|x86.Deploy.0 = Debug|x64
		{B06B62BE-69EB-4CAF-82E5-A01D5373FE39}.Release|ARM.ActiveCfg = Release|ARM
		{B06B62BE-69EB-4CAF-82E5-A01D5373FE39}.Release|ARM.Build.0 = Release|ARM
		{B06B62BE-69EB-4CAF-82E5-A01D5373FE39}.Release|ARM.Deploy.0 = Release|ARM
		{B06B62BE-69EB-4CAF-82E5-A01D5373FE39}.Release|ARM64.ActiveCfg = Release|ARM64
		{B06B62BE-69EB-4CAF-82E5-A01D5373FE39}.Release|ARM64.Build.0 = Release|ARM64
		{B06B62BE-69EB-4CAF-82E5-A01D5373FE39}.Release|ARM64.Deploy.0 = Release|ARM64
		{B06B62BE-69EB-4CAF-82E5-A01D5373FE39}.Release|x64.ActiveCfg = Release|x64
		{B06B62BE-69EB-4CAF-82E5-A01D5373FE39}.Release|x64.Build.0 = Release|x64
		{B06B62BE-69EB-4CAF-82E5-A01D5373FE39}.Release|x64.Deploy.0 = Release|x64
		{B06B62BE-69EB-4CAF-82E5-A01D5373FE39}.Release|x86.ActiveCfg = Release|x86
		{B06B62BE-69EB-4CAF-82E5-A01D5373FE39}.Release|x86.Build.0 = Release|x86
		{B06B62BE-69EB-4CAF-82E5-A01D5373FE39}.Release|x86.Deploy.0 = Release|x86
	EndGlobalSection
	GlobalSection(SolutionProperties) = preSolution
		HideSolutionNode = FALSE
	EndGlobalSection
	GlobalSection(ExtensibilityGlobals) = postSolution
		SolutionGuid = {293F8D0C-226A-4D9B-95AC-E1E2924836E8}
	EndGlobalSection
EndGlobal
